
Microsoft Visual Studio Solution File, Format Version 12.00
# Visual Studio Version 17
VisualStudioVersion = 17.2.32602.215
MinimumVisualStudioVersion = 10.0.40219.1
Project("{FAE04EC0-301F-11D3-BF4B-00C04F79EFBC}") = "oop-hw", "oop-hw\oop-hw.csproj", "{EE9A70AD-4BEF-4841-91D1-DD7987F37AAB}"
EndProject
Global
	GlobalSection(SolutionConfigurationPlatforms) = preSolution
		Debug|Any CPU = Debug|Any CPU
		Release|Any CPU = Release|Any CPU
	EndGlobalSection
	GlobalSection(ProjectConfigurationPlatforms) = postSolution
		{EE9A70AD-4BEF-4841-91D1-DD7987F37AAB}.Debug|Any CPU.ActiveCfg = Debug|Any CPU
		{EE9A70AD-4BEF-4841-91D1-DD7987F37AAB}.Debug|Any CPU.Build.0 = Debug|Any CPU
		{EE9A70AD-4BEF-4841-91D1-DD7987F37AAB}.Release|Any CPU.ActiveCfg = Release|Any CPU
		{EE9A70AD-4BEF-4841-91D1-DD7987F37AAB}.Release|Any CPU.Build.0 = Release|Any CPU
	EndGlobalSection
	GlobalSection(SolutionProperties) = preSolution
		HideSolutionNode = FALSE
	EndGlobalSection
	GlobalSection(ExtensibilityGlobals) = postSolution
		SolutionGuid = {94340A51-B3E5-4614-94AF-134D6843A0EC}
	EndGlobalSection
EndGlobal
